// !$*UTF8*$!
{
	archiveVersion = 1;
	classes = {
	};
	objectVersion = 50;
	objects = {

/* Begin PBXBuildFile section */
		CD5B865021C4506E00AF69CE /* Characters.swift in Sources */ = {isa = PBXBuildFile; fileRef = CDFFD46F21C44D2200D0CF72 /* Characters.swift */; };
		CDFFD46221C44CD400D0CF72 /* main.swift in Sources */ = {isa = PBXBuildFile; fileRef = CDFFD46121C44CD400D0CF72 /* main.swift */; };
		CDFFD47721C44D2300D0CF72 /* Magus.swift in Sources */ = {isa = PBXBuildFile; fileRef = CDFFD46921C44D2100D0CF72 /* Magus.swift */; };
		CDFFD47821C44D2300D0CF72 /* Colossus.swift in Sources */ = {isa = PBXBuildFile; fileRef = CDFFD46A21C44D2100D0CF72 /* Colossus.swift */; };
		CDFFD47921C44D2300D0CF72 /* Stick.swift in Sources */ = {isa = PBXBuildFile; fileRef = CDFFD46B21C44D2100D0CF72 /* Stick.swift */; };
		CDFFD47A21C44D2300D0CF72 /* Sword.swift in Sources */ = {isa = PBXBuildFile; fileRef = CDFFD46C21C44D2100D0CF72 /* Sword.swift */; };
		CDFFD47C21C44D2300D0CF72 /* Dwarft.swift in Sources */ = {isa = PBXBuildFile; fileRef = CDFFD46E21C44D2200D0CF72 /* Dwarft.swift */; };
		CDFFD47E21C44D2300D0CF72 /* Fighter.swift in Sources */ = {isa = PBXBuildFile; fileRef = CDFFD47021C44D2200D0CF72 /* Fighter.swift */; };
		CDFFD47F21C44D2300D0CF72 /* CheckTheName.swift in Sources */ = {isa = PBXBuildFile; fileRef = CDFFD47121C44D2200D0CF72 /* CheckTheName.swift */; };
		CDFFD48021C44D2300D0CF72 /* Weapon.swift in Sources */ = {isa = PBXBuildFile; fileRef = CDFFD47221C44D2200D0CF72 /* Weapon.swift */; };
		CDFFD48121C44D2300D0CF72 /* Ax.swift in Sources */ = {isa = PBXBuildFile; fileRef = CDFFD47321C44D2200D0CF72 /* Ax.swift */; };
		CDFFD48221C44D2300D0CF72 /* Potion.swift in Sources */ = {isa = PBXBuildFile; fileRef = CDFFD47421C44D2300D0CF72 /* Potion.swift */; };
		CDFFD48321C44D2300D0CF72 /* Game.swift in Sources */ = {isa = PBXBuildFile; fileRef = CDFFD47521C44D2300D0CF72 /* Game.swift */; };
		CDFFD48421C44D2300D0CF72 /* Team.swift in Sources */ = {isa = PBXBuildFile; fileRef = CDFFD47621C44D2300D0CF72 /* Team.swift */; };
/* End PBXBuildFile section */

/* Begin PBXCopyFilesBuildPhase section */
		CDFFD45C21C44CD400D0CF72 /* CopyFiles */ = {
			isa = PBXCopyFilesBuildPhase;
			buildActionMask = 2147483647;
			dstPath = /usr/share/man/man1/;
			dstSubfolderSpec = 0;
			files = (
			);
			runOnlyForDeploymentPostprocessing = 1;
		};
/* End PBXCopyFilesBuildPhase section */

/* Begin PBXFileReference section */
		CDFFD45E21C44CD400D0CF72 /* P3 */ = {isa = PBXFileReference; explicitFileType = "compiled.mach-o.executable"; includeInIndex = 0; path = P3; sourceTree = BUILT_PRODUCTS_DIR; };
		CDFFD46121C44CD400D0CF72 /* main.swift */ = {isa = PBXFileReference; lastKnownFileType = sourcecode.swift; path = main.swift; sourceTree = "<group>"; };
		CDFFD46921C44D2100D0CF72 /* Magus.swift */ = {isa = PBXFileReference; fileEncoding = 4; lastKnownFileType = sourcecode.swift; path = Magus.swift; sourceTree = "<group>"; };
		CDFFD46A21C44D2100D0CF72 /* Colossus.swift */ = {isa = PBXFileReference; fileEncoding = 4; lastKnownFileType = sourcecode.swift; path = Colossus.swift; sourceTree = "<group>"; };
		CDFFD46B21C44D2100D0CF72 /* Stick.swift */ = {isa = PBXFileReference; fileEncoding = 4; lastKnownFileType = sourcecode.swift; path = Stick.swift; sourceTree = "<group>"; };
		CDFFD46C21C44D2100D0CF72 /* Sword.swift */ = {isa = PBXFileReference; fileEncoding = 4; lastKnownFileType = sourcecode.swift; path = Sword.swift; sourceTree = "<group>"; };
		CDFFD46E21C44D2200D0CF72 /* Dwarft.swift */ = {isa = PBXFileReference; fileEncoding = 4; lastKnownFileType = sourcecode.swift; path = Dwarft.swift; sourceTree = "<group>"; };
		CDFFD46F21C44D2200D0CF72 /* Characters.swift */ = {isa = PBXFileReference; fileEncoding = 4; lastKnownFileType = sourcecode.swift; path = Characters.swift; sourceTree = "<group>"; };
		CDFFD47021C44D2200D0CF72 /* Fighter.swift */ = {isa = PBXFileReference; fileEncoding = 4; lastKnownFileType = sourcecode.swift; path = Fighter.swift; sourceTree = "<group>"; };
		CDFFD47121C44D2200D0CF72 /* CheckTheName.swift */ = {isa = PBXFileReference; fileEncoding = 4; lastKnownFileType = sourcecode.swift; path = CheckTheName.swift; sourceTree = "<group>"; };
		CDFFD47221C44D2200D0CF72 /* Weapon.swift */ = {isa = PBXFileReference; fileEncoding = 4; lastKnownFileType = sourcecode.swift; path = Weapon.swift; sourceTree = "<group>"; };
		CDFFD47321C44D2200D0CF72 /* Ax.swift */ = {isa = PBXFileReference; fileEncoding = 4; lastKnownFileType = sourcecode.swift; path = Ax.swift; sourceTree = "<group>"; };
		CDFFD47421C44D2300D0CF72 /* Potion.swift */ = {isa = PBXFileReference; fileEncoding = 4; lastKnownFileType = sourcecode.swift; path = Potion.swift; sourceTree = "<group>"; };
		CDFFD47521C44D2300D0CF72 /* Game.swift */ = {isa = PBXFileReference; fileEncoding = 4; lastKnownFileType = sourcecode.swift; path = Game.swift; sourceTree = "<group>"; };
		CDFFD47621C44D2300D0CF72 /* Team.swift */ = {isa = PBXFileReference; fileEncoding = 4; lastKnownFileType = sourcecode.swift; path = Team.swift; sourceTree = "<group>"; };
/* End PBXFileReference section */

/* Begin PBXFrameworksBuildPhase section */
		CDFFD45B21C44CD400D0CF72 /* Frameworks */ = {
			isa = PBXFrameworksBuildPhase;
			buildActionMask = 2147483647;
			files = (
			);
			runOnlyForDeploymentPostprocessing = 0;
		};
/* End PBXFrameworksBuildPhase section */

/* Begin PBXGroup section */
		CDFFC29021C554580050A825 /* Weapon */ = {
			isa = PBXGroup;
			children = (
				CDFFD47221C44D2200D0CF72 /* Weapon.swift */,
				CDFFD47321C44D2200D0CF72 /* Ax.swift */,
				CDFFD47421C44D2300D0CF72 /* Potion.swift */,
				CDFFD46B21C44D2100D0CF72 /* Stick.swift */,
				CDFFD46C21C44D2100D0CF72 /* Sword.swift */,
			);
			path = Weapon;
			sourceTree = "<group>";
		};
		CDFFC29121C554A00050A825 /* Team */ = {
			isa = PBXGroup;
			children = (
			);
			path = Team;
			sourceTree = "<group>";
		};
		CDFFC29221C554C30050A825 /* Game */ = {
			isa = PBXGroup;
			children = (
				CDFFD47521C44D2300D0CF72 /* Game.swift */,
			);
			path = Game;
			sourceTree = "<group>";
		};
		CDFFD45521C44CD400D0CF72 = {
			isa = PBXGroup;
			children = (
				CDFFD46121C44CD400D0CF72 /* main.swift */,
				CDFFC29221C554C30050A825 /* Game */,
				CDFFC29121C554A00050A825 /* Team */,
				CDFFD47621C44D2300D0CF72 /* Team.swift */,
				CDFFD47121C44D2200D0CF72 /* CheckTheName.swift */,
				CDFFD46021C44CD400D0CF72 /* Characters */,
				CDFFC29021C554580050A825 /* Weapon */,
				CDFFD45F21C44CD400D0CF72 /* Products */,
			);
			sourceTree = "<group>";
		};
		CDFFD45F21C44CD400D0CF72 /* Products */ = {
			isa = PBXGroup;
			children = (
				CDFFD45E21C44CD400D0CF72 /* P3 */,
			);
			name = Products;
			sourceTree = "<group>";
		};
		CDFFD46021C44CD400D0CF72 /* Characters */ = {
			isa = PBXGroup;
			children = (
				CDFFD46F21C44D2200D0CF72 /* Characters.swift */,
				CDFFD46A21C44D2100D0CF72 /* Colossus.swift */,
				CDFFD46E21C44D2200D0CF72 /* Dwarft.swift */,
				CDFFD47021C44D2200D0CF72 /* Fighter.swift */,
				CDFFD46921C44D2100D0CF72 /* Magus.swift */,
			);
			path = Characters;
			sourceTree = "<group>";
		};
/* End PBXGroup section */

/* Begin PBXNativeTarget section */
		CDFFD45D21C44CD400D0CF72 /* P3 */ = {
			isa = PBXNativeTarget;
			buildConfigurationList = CDFFD46521C44CD400D0CF72 /* Build configuration list for PBXNativeTarget "P3" */;
			buildPhases = (
				CDFFD45A21C44CD400D0CF72 /* Sources */,
				CDFFD45B21C44CD400D0CF72 /* Frameworks */,
				CDFFD45C21C44CD400D0CF72 /* CopyFiles */,
			);
			buildRules = (
			);
			dependencies = (
			);
			name = P3;
			productName = P3;
			productReference = CDFFD45E21C44CD400D0CF72 /* P3 */;
			productType = "com.apple.product-type.tool";
		};
/* End PBXNativeTarget section */

/* Begin PBXProject section */
		CDFFD45621C44CD400D0CF72 /* Project object */ = {
			isa = PBXProject;
			attributes = {
				LastSwiftUpdateCheck = 1010;
				LastUpgradeCheck = 1010;
				ORGANIZATIONNAME = "ISABELLE Terwagne";
				TargetAttributes = {
					CDFFD45D21C44CD400D0CF72 = {
						CreatedOnToolsVersion = 10.1;
					};
				};
			};
			buildConfigurationList = CDFFD45921C44CD400D0CF72 /* Build configuration list for PBXProject "P3" */;
			compatibilityVersion = "Xcode 9.3";
			developmentRegion = en;
			hasScannedForEncodings = 0;
			knownRegions = (
				en,
			);
			mainGroup = CDFFD45521C44CD400D0CF72;
			productRefGroup = CDFFD45F21C44CD400D0CF72 /* Products */;
			projectDirPath = "";
			projectRoot = "";
			targets = (
				CDFFD45D21C44CD400D0CF72 /* P3 */,
			);
		};
/* End PBXProject section */

/* Begin PBXSourcesBuildPhase section */
		CDFFD45A21C44CD400D0CF72 /* Sources */ = {
			isa = PBXSourcesBuildPhase;
			buildActionMask = 2147483647;
			files = (
				CDFFD47A21C44D2300D0CF72 /* Sword.swift in Sources */,
				CD5B865021C4506E00AF69CE /* Characters.swift in Sources */,
				CDFFD47E21C44D2300D0CF72 /* Fighter.swift in Sources */,
				CDFFD47921C44D2300D0CF72 /* Stick.swift in Sources */,
				CDFFD48421C44D2300D0CF72 /* Team.swift in Sources */,
				CDFFD47F21C44D2300D0CF72 /* CheckTheName.swift in Sources */,
				CDFFD47C21C44D2300D0CF72 /* Dwarft.swift in Sources */,
				CDFFD48221C44D2300D0CF72 /* Potion.swift in Sources */,
				CDFFD48021C44D2300D0CF72 /* Weapon.swift in Sources */,
				CDFFD48321C44D2300D0CF72 /* Game.swift in Sources */,
				CDFFD48121C44D2300D0CF72 /* Ax.swift in Sources */,
				CDFFD46221C44CD400D0CF72 /* main.swift in Sources */,
				CDFFD47821C44D2300D0CF72 /* Colossus.swift in Sources */,
				CDFFD47721C44D2300D0CF72 /* Magus.swift in Sources */,
			);
			runOnlyForDeploymentPostprocessing = 0;
		};
/* End PBXSourcesBuildPhase section */

/* Begin XCBuildConfiguration section */
		CDFFD46321C44CD400D0CF72 /* Debug */ = {
			isa = XCBuildConfiguration;
			buildSettings = {
				ALWAYS_SEARCH_USER_PATHS = NO;
				CLANG_ANALYZER_NONNULL = YES;
				CLANG_ANALYZER_NUMBER_OBJECT_CONVERSION = YES_AGGRESSIVE;
				CLANG_CXX_LANGUAGE_STANDARD = "gnu++14";
				CLANG_CXX_LIBRARY = "libc++";
				CLANG_ENABLE_MODULES = YES;
				CLANG_ENABLE_OBJC_ARC = YES;
				CLANG_ENABLE_OBJC_WEAK = YES;
				CLANG_WARN_BLOCK_CAPTURE_AUTORELEASING = YES;
				CLANG_WARN_BOOL_CONVERSION = YES;
				CLANG_WARN_COMMA = YES;
				CLANG_WARN_CONSTANT_CONVERSION = YES;
				CLANG_WARN_DEPRECATED_OBJC_IMPLEMENTATIONS = YES;
				CLANG_WARN_DIRECT_OBJC_ISA_USAGE = YES_ERROR;
				CLANG_WARN_DOCUMENTATION_COMMENTS = YES;
				CLANG_WARN_EMPTY_BODY = YES;
				CLANG_WARN_ENUM_CONVERSION = YES;
				CLANG_WARN_INFINITE_RECURSION = YES;
				CLANG_WARN_INT_CONVERSION = YES;
				CLANG_WARN_NON_LITERAL_NULL_CONVERSION = YES;
				CLANG_WARN_OBJC_IMPLICIT_RETAIN_SELF = YES;
				CLANG_WARN_OBJC_LITERAL_CONVERSION = YES;
				CLANG_WARN_OBJC_ROOT_CLASS = YES_ERROR;
				CLANG_WARN_RANGE_LOOP_ANALYSIS = YES;
				CLANG_WARN_STRICT_PROTOTYPES = YES;
				CLANG_WARN_SUSPICIOUS_MOVE = YES;
				CLANG_WARN_UNGUARDED_AVAILABILITY = YES_AGGRESSIVE;
				CLANG_WARN_UNREACHABLE_CODE = YES;
				CLANG_WARN__DUPLICATE_METHOD_MATCH = YES;
				CODE_SIGN_IDENTITY = "Mac Developer";
				COPY_PHASE_STRIP = NO;
				DEBUG_INFORMATION_FORMAT = dwarf;
				ENABLE_STRICT_OBJC_MSGSEND = YES;
				ENABLE_TESTABILITY = YES;
				GCC_C_LANGUAGE_STANDARD = gnu11;
				GCC_DYNAMIC_NO_PIC = NO;
				GCC_NO_COMMON_BLOCKS = YES;
				GCC_OPTIMIZATION_LEVEL = 0;
				GCC_PREPROCESSOR_DEFINITIONS = (
					"DEBUG=1",
					"$(inherited)",
				);
				GCC_WARN_64_TO_32_BIT_CONVERSION = YES;
				GCC_WARN_ABOUT_RETURN_TYPE = YES_ERROR;
				GCC_WARN_UNDECLARED_SELECTOR = YES;
				GCC_WARN_UNINITIALIZED_AUTOS = YES_AGGRESSIVE;
				GCC_WARN_UNUSED_FUNCTION = YES;
				GCC_WARN_UNUSED_VARIABLE = YES;
				MACOSX_DEPLOYMENT_TARGET = 10.13;
				MTL_ENABLE_DEBUG_INFO = INCLUDE_SOURCE;
				MTL_FAST_MATH = YES;
				ONLY_ACTIVE_ARCH = YES;
				SDKROOT = macosx;
				SWIFT_ACTIVE_COMPILATION_CONDITIONS = DEBUG;
				SWIFT_OPTIMIZATION_LEVEL = "-Onone";
			};
			name = Debug;
		};
		CDFFD46421C44CD400D0CF72 /* Release */ = {
			isa = XCBuildConfiguration;
			buildSettings = {
				ALWAYS_SEARCH_USER_PATHS = NO;
				CLANG_ANALYZER_NONNULL = YES;
				CLANG_ANALYZER_NUMBER_OBJECT_CONVERSION = YES_AGGRESSIVE;
				CLANG_CXX_LANGUAGE_STANDARD = "gnu++14";
				CLANG_CXX_LIBRARY = "libc++";
				CLANG_ENABLE_MODULES = YES;
				CLANG_ENABLE_OBJC_ARC = YES;
				CLANG_ENABLE_OBJC_WEAK = YES;
				CLANG_WARN_BLOCK_CAPTURE_AUTORELEASING = YES;
				CLANG_WARN_BOOL_CONVERSION = YES;
				CLANG_WARN_COMMA = YES;
				CLANG_WARN_CONSTANT_CONVERSION = YES;
				CLANG_WARN_DEPRECATED_OBJC_IMPLEMENTATIONS = YES;
				CLANG_WARN_DIRECT_OBJC_ISA_USAGE = YES_ERROR;
				CLANG_WARN_DOCUMENTATION_COMMENTS = YES;
				CLANG_WARN_EMPTY_BODY = YES;
				CLANG_WARN_ENUM_CONVERSION = YES;
				CLANG_WARN_INFINITE_RECURSION = YES;
				CLANG_WARN_INT_CONVERSION = YES;
				CLANG_WARN_NON_LITERAL_NULL_CONVERSION = YES;
				CLANG_WARN_OBJC_IMPLICIT_RETAIN_SELF = YES;
				CLANG_WARN_OBJC_LITERAL_CONVERSION = YES;
				CLANG_WARN_OBJC_ROOT_CLASS = YES_ERROR;
				CLANG_WARN_RANGE_LOOP_ANALYSIS = YES;
				CLANG_WARN_STRICT_PROTOTYPES = YES;
				CLANG_WARN_SUSPICIOUS_MOVE = YES;
				CLANG_WARN_UNGUARDED_AVAILABILITY = YES_AGGRESSIVE;
				CLANG_WARN_UNREACHABLE_CODE = YES;
				CLANG_WARN__DUPLICATE_METHOD_MATCH = YES;
				CODE_SIGN_IDENTITY = "Mac Developer";
				COPY_PHASE_STRIP = NO;
				DEBUG_INFORMATION_FORMAT = "dwarf-with-dsym";
				ENABLE_NS_ASSERTIONS = NO;
				ENABLE_STRICT_OBJC_MSGSEND = YES;
				GCC_C_LANGUAGE_STANDARD = gnu11;
				GCC_NO_COMMON_BLOCKS = YES;
				GCC_WARN_64_TO_32_BIT_CONVERSION = YES;
				GCC_WARN_ABOUT_RETURN_TYPE = YES_ERROR;
				GCC_WARN_UNDECLARED_SELECTOR = YES;
				GCC_WARN_UNINITIALIZED_AUTOS = YES_AGGRESSIVE;
				GCC_WARN_UNUSED_FUNCTION = YES;
				GCC_WARN_UNUSED_VARIABLE = YES;
				MACOSX_DEPLOYMENT_TARGET = 10.13;
				MTL_ENABLE_DEBUG_INFO = NO;
				MTL_FAST_MATH = YES;
				SDKROOT = macosx;
				SWIFT_COMPILATION_MODE = wholemodule;
				SWIFT_OPTIMIZATION_LEVEL = "-O";
			};
			name = Release;
		};
		CDFFD46621C44CD400D0CF72 /* Debug */ = {
			isa = XCBuildConfiguration;
			buildSettings = {
				CODE_SIGN_STYLE = Automatic;
				DEVELOPMENT_TEAM = SDAVVX8GL4;
				PRODUCT_NAME = "$(TARGET_NAME)";
				SWIFT_VERSION = 4.2;
			};
			name = Debug;
		};
		CDFFD46721C44CD400D0CF72 /* Release */ = {
			isa = XCBuildConfiguration;
			buildSettings = {
				CODE_SIGN_STYLE = Automatic;
				DEVELOPMENT_TEAM = SDAVVX8GL4;
				PRODUCT_NAME = "$(TARGET_NAME)";
				SWIFT_VERSION = 4.2;
			};
			name = Release;
		};
/* End XCBuildConfiguration section */

/* Begin XCConfigurationList section */
		CDFFD45921C44CD400D0CF72 /* Build configuration list for PBXProject "P3" */ = {
			isa = XCConfigurationList;
			buildConfigurations = (
				CDFFD46321C44CD400D0CF72 /* Debug */,
				CDFFD46421C44CD400D0CF72 /* Release */,
			);
			defaultConfigurationIsVisible = 0;
			defaultConfigurationName = Release;
		};
		CDFFD46521C44CD400D0CF72 /* Build configuration list for PBXNativeTarget "P3" */ = {
			isa = XCConfigurationList;
			buildConfigurations = (
				CDFFD46621C44CD400D0CF72 /* Debug */,
				CDFFD46721C44CD400D0CF72 /* Release */,
			);
			defaultConfigurationIsVisible = 0;
			defaultConfigurationName = Release;
		};
/* End XCConfigurationList section */
	};
	rootObject = CDFFD45621C44CD400D0CF72 /* Project object */;
}
